
Microsoft Visual Studio Solution File, Format Version 12.00
# Visual Studio Version 17
VisualStudioVersion = 17.1.32421.90
MinimumVisualStudioVersion = 10.0.40219.1
Project("{FAE04EC0-301F-11D3-BF4B-00C04F79EFBC}") = "KaraokeApp.UWP", "KaraokeApp\KaraokeApp.UWP\KaraokeApp.UWP.csproj", "{B5704EE6-384E-4078-AA8C-C0E4A4077924}"
EndProject
Project("{FAE04EC0-301F-11D3-BF4B-00C04F79EFBC}") = "KaraokeApp.Android", "KaraokeApp\KaraokeApp.Android\KaraokeApp.Android.csproj", "{EE649A15-8330-4552-B278-99E47FDA1A40}"
EndProject
Project("{FAE04EC0-301F-11D3-BF4B-00C04F79EFBC}") = "KaraokeApp.iOS", "KaraokeApp\KaraokeApp.iOS\KaraokeApp.iOS.csproj", "{6D6D1C29-E8AC-4DCC-960E-22F64AFE3866}"
EndProject
Project("{9A19103F-16F7-4668-BE54-9A1E7A4F7556}") = "KaraokeApp", "KaraokeApp\KaraokeApp\KaraokeApp.csproj", "{E5B4EEF5-AF51-4194-BEE6-D82A1985D157}"
EndProject
Project("{2150E333-8FDC-42A3-9474-1A3956D46DE8}") = "src", "src", "{108C2678-7C3D-4F19-B993-676A5A8E2352}"
EndProject
Project("{2150E333-8FDC-42A3-9474-1A3956D46DE8}") = "App", "App", "{A0A997BA-9D20-4915-9F53-7197D2E44073}"
EndProject
Project("{2150E333-8FDC-42A3-9474-1A3956D46DE8}") = "Core", "Core", "{8AB7B887-E4AE-4929-9660-1554CBDB0ABC}"
EndProject
Project("{2150E333-8FDC-42A3-9474-1A3956D46DE8}") = "Items", "Items", "{B3543D6C-A1C1-40A2-B7C2-54E9520D7620}"
EndProject
Project("{FAE04EC0-301F-11D3-BF4B-00C04F79EFBC}") = "KaraokeApp.Infrastructure", "KaraokeApp\KaraokeApp.Infrastructure\KaraokeApp.Infrastructure.csproj", "{C7D985B1-BE39-4B69-8D18-A0EB33ABCE5D}"
EndProject
Project("{2150E333-8FDC-42A3-9474-1A3956D46DE8}") = "Infrastructure", "Infrastructure", "{FFF70491-93A0-4944-8A7A-AF31A8A4A841}"
EndProject
Project("{FAE04EC0-301F-11D3-BF4B-00C04F79EFBC}") = "KaraokeApp.Core", "KaraokeApp\KaraokeApp.Core\KaraokeApp.Core.csproj", "{8E9E8F82-3A6F-47E6-A170-DD15D3BDD313}"
EndProject
Global
	GlobalSection(SolutionConfigurationPlatforms) = preSolution
		Debug|Any CPU = Debug|Any CPU
		Debug|ARM = Debug|ARM
		Debug|iPhone = Debug|iPhone
		Debug|iPhoneSimulator = Debug|iPhoneSimulator
		Debug|x64 = Debug|x64
		Debug|x86 = Debug|x86
		Release|Any CPU = Release|Any CPU
		Release|ARM = Release|ARM
		Release|iPhone = Release|iPhone
		Release|iPhoneSimulator = Release|iPhoneSimulator
		Release|x64 = Release|x64
		Release|x86 = Release|x86
	EndGlobalSection
	GlobalSection(ProjectConfigurationPlatforms) = postSolution
		{B5704EE6-384E-4078-AA8C-C0E4A4077924}.Debug|Any CPU.ActiveCfg = Debug|x64
		{B5704EE6-384E-4078-AA8C-C0E4A4077924}.Debug|Any CPU.Build.0 = Debug|x64
		{B5704EE6-384E-4078-AA8C-C0E4A4077924}.Debug|Any CPU.Deploy.0 = Debug|x64
		{B5704EE6-384E-4078-AA8C-C0E4A4077924}.Debug|ARM.ActiveCfg = Debug|ARM
		{B5704EE6-384E-4078-AA8C-C0E4A4077924}.Debug|ARM.Build.0 = Debug|ARM
		{B5704EE6-384E-4078-AA8C-C0E4A4077924}.Debug|ARM.Deploy.0 = Debug|ARM
		{B5704EE6-384E-4078-AA8C-C0E4A4077924}.Debug|iPhone.ActiveCfg = Debug|x64
		{B5704EE6-384E-4078-AA8C-C0E4A4077924}.Debug|iPhone.Build.0 = Debug|x64
		{B5704EE6-384E-4078-AA8C-C0E4A4077924}.Debug|iPhone.Deploy.0 = Debug|x64
		{B5704EE6-384E-4078-AA8C-C0E4A4077924}.Debug|iPhoneSimulator.ActiveCfg = Debug|x64
		{B5704EE6-384E-4078-AA8C-C0E4A4077924}.Debug|iPhoneSimulator.Build.0 = Debug|x64
		{B5704EE6-384E-4078-AA8C-C0E4A4077924}.Debug|iPhoneSimulator.Deploy.0 = Debug|x64
		{B5704EE6-384E-4078-AA8C-C0E4A4077924}.Debug|x64.ActiveCfg = Debug|x64
		{B5704EE6-384E-4078-AA8C-C0E4A4077924}.Debug|x64.Build.0 = Debug|x64
		{B5704EE6-384E-4078-AA8C-C0E4A4077924}.Debug|x64.Deploy.0 = Debug|x64
		{B5704EE6-384E-4078-AA8C-C0E4A4077924}.Debug|x86.ActiveCfg = Debug|x86
		{B5704EE6-384E-4078-AA8C-C0E4A4077924}.Debug|x86.Build.0 = Debug|x86
		{B5704EE6-384E-4078-AA8C-C0E4A4077924}.Debug|x86.Deploy.0 = Debug|x86
		{B5704EE6-384E-4078-AA8C-C0E4A4077924}.Release|Any CPU.ActiveCfg = Release|x64
		{B5704EE6-384E-4078-AA8C-C0E4A4077924}.Release|Any CPU.Build.0 = Release|x64
		{B5704EE6-384E-4078-AA8C-C0E4A4077924}.Release|Any CPU.Deploy.0 = Release|x64
		{B5704EE6-384E-4078-AA8C-C0E4A4077924}.Release|ARM.ActiveCfg = Release|ARM
		{B5704EE6-384E-4078-AA8C-C0E4A4077924}.Release|ARM.Build.0 = Release|ARM
		{B5704EE6-384E-4078-AA8C-C0E4A4077924}.Release|ARM.Deploy.0 = Release|ARM
		{B5704EE6-384E-4078-AA8C-C0E4A4077924}.Release|iPhone.ActiveCfg = Release|x64
		{B5704EE6-384E-4078-AA8C-C0E4A4077924}.Release|iPhone.Build.0 = Release|x64
		{B5704EE6-384E-4078-AA8C-C0E4A4077924}.Release|iPhone.Deploy.0 = Release|x64
		{B5704EE6-384E-4078-AA8C-C0E4A4077924}.Release|iPhoneSimulator.ActiveCfg = Release|x64
		{B5704EE6-384E-4078-AA8C-C0E4A4077924}.Release|iPhoneSimulator.Build.0 = Release|x64
		{B5704EE6-384E-4078-AA8C-C0E4A4077924}.Release|iPhoneSimulator.Deploy.0 = Release|x64
		{B5704EE6-384E-4078-AA8C-C0E4A4077924}.Release|x64.ActiveCfg = Release|x64
		{B5704EE6-384E-4078-AA8C-C0E4A4077924}.Release|x64.Build.0 = Release|x64
		{B5704EE6-384E-4078-AA8C-C0E4A4077924}.Release|x64.Deploy.0 = Release|x64
		{B5704EE6-384E-4078-AA8C-C0E4A4077924}.Release|x86.ActiveCfg = Release|x86
		{B5704EE6-384E-4078-AA8C-C0E4A4077924}.Release|x86.Build.0 = Release|x86
		{B5704EE6-384E-4078-AA8C-C0E4A4077924}.Release|x86.Deploy.0 = Release|x86
		{EE649A15-8330-4552-B278-99E47FDA1A40}.Debug|Any CPU.ActiveCfg = Debug|Any CPU
		{EE649A15-8330-4552-B278-99E47FDA1A40}.Debug|Any CPU.Build.0 = Debug|Any CPU
		{EE649A15-8330-4552-B278-99E47FDA1A40}.Debug|Any CPU.Deploy.0 = Debug|Any CPU
		{EE649A15-8330-4552-B278-99E47FDA1A40}.Debug|ARM.ActiveCfg = Debug|Any CPU
		{EE649A15-8330-4552-B278-99E47FDA1A40}.Debug|ARM.Build.0 = Debug|Any CPU
		{EE649A15-8330-4552-B278-99E47FDA1A40}.Debug|ARM.Deploy.0 = Debug|Any CPU
		{EE649A15-8330-4552-B278-99E47FDA1A40}.Debug|iPhone.ActiveCfg = Debug|Any CPU
		{EE649A15-8330-4552-B278-99E47FDA1A40}.Debug|iPhone.Build.0 = Debug|Any CPU
		{EE649A15-8330-4552-B278-99E47FDA1A40}.Debug|iPhone.Deploy.0 = Debug|Any CPU
		{EE649A15-8330-4552-B278-99E47FDA1A40}.Debug|iPhoneSimulator.ActiveCfg = Debug|Any CPU
		{EE649A15-8330-4552-B278-99E47FDA1A40}.Debug|iPhoneSimulator.Build.0 = Debug|Any CPU
		{EE649A15-8330-4552-B278-99E47FDA1A40}.Debug|iPhoneSimulator.Deploy.0 = Debug|Any CPU
		{EE649A15-8330-4552-B278-99E47FDA1A40}.Debug|x64.ActiveCfg = Debug|Any CPU
		{EE649A15-8330-4552-B278-99E47FDA1A40}.Debug|x64.Build.0 = Debug|Any CPU
		{EE649A15-8330-4552-B278-99E47FDA1A40}.Debug|x64.Deploy.0 = Debug|Any CPU
		{EE649A15-8330-4552-B278-99E47FDA1A40}.Debug|x86.ActiveCfg = Debug|Any CPU
		{EE649A15-8330-4552-B278-99E47FDA1A40}.Debug|x86.Build.0 = Debug|Any CPU
		{EE649A15-8330-4552-B278-99E47FDA1A40}.Debug|x86.Deploy.0 = Debug|Any CPU
		{EE649A15-8330-4552-B278-99E47FDA1A40}.Release|Any CPU.ActiveCfg = Release|Any CPU
		{EE649A15-8330-4552-B278-99E47FDA1A40}.Release|Any CPU.Build.0 = Release|Any CPU
		{EE649A15-8330-4552-B278-99E47FDA1A40}.Release|Any CPU.Deploy.0 = Release|Any CPU
		{EE649A15-8330-4552-B278-99E47FDA1A40}.Release|ARM.ActiveCfg = Release|Any CPU
		{EE649A15-8330-4552-B278-99E47FDA1A40}.Release|ARM.Build.0 = Release|Any CPU
		{EE649A15-8330-4552-B278-99E47FDA1A40}.Release|ARM.Deploy.0 = Release|Any CPU
		{EE649A15-8330-4552-B278-99E47FDA1A40}.Release|iPhone.ActiveCfg = Release|Any CPU
		{EE649A15-8330-4552-B278-99E47FDA1A40}.Release|iPhone.Build.0 = Release|Any CPU
		{EE649A15-8330-4552-B278-99E47FDA1A40}.Release|iPhone.Deploy.0 = Release|Any CPU
		{EE649A15-8330-4552-B278-99E47FDA1A40}.Release|iPhoneSimulator.ActiveCfg = Release|Any CPU
		{EE649A15-8330-4552-B278-99E47FDA1A40}.Release|iPhoneSimulator.Build.0 = Release|Any CPU
		{EE649A15-8330-4552-B278-99E47FDA1A40}.Release|iPhoneSimulator.Deploy.0 = Release|Any CPU
		{EE649A15-8330-4552-B278-99E47FDA1A40}.Release|x64.ActiveCfg = Release|Any CPU
		{EE649A15-8330-4552-B278-99E47FDA1A40}.Release|x64.Build.0 = Release|Any CPU
		{EE649A15-8330-4552-B278-99E47FDA1A40}.Release|x64.Deploy.0 = Release|Any CPU
		{EE649A15-8330-4552-B278-99E47FDA1A40}.Release|x86.ActiveCfg = Release|Any CPU
		{EE649A15-8330-4552-B278-99E47FDA1A40}.Release|x86.Build.0 = Release|Any CPU
		{EE649A15-8330-4552-B278-99E47FDA1A40}.Release|x86.Deploy.0 = Release|Any CPU
		{6D6D1C29-E8AC-4DCC-960E-22F64AFE3866}.Debug|Any CPU.ActiveCfg = Debug|iPhoneSimulator
		{6D6D1C29-E8AC-4DCC-960E-22F64AFE3866}.Debug|Any CPU.Build.0 = Debug|iPhoneSimulator
		{6D6D1C29-E8AC-4DCC-960E-22F64AFE3866}.Debug|ARM.ActiveCfg = Debug|iPhoneSimulator
		{6D6D1C29-E8AC-4DCC-960E-22F64AFE3866}.Debug|ARM.Build.0 = Debug|iPhoneSimulator
		{6D6D1C29-E8AC-4DCC-960E-22F64AFE3866}.Debug|iPhone.ActiveCfg = Debug|iPhone
		{6D6D1C29-E8AC-4DCC-960E-22F64AFE3866}.Debug|iPhone.Build.0 = Debug|iPhone
		{6D6D1C29-E8AC-4DCC-960E-22F64AFE3866}.Debug|iPhoneSimulator.ActiveCfg = Debug|iPhoneSimulator
		{6D6D1C29-E8AC-4DCC-960E-22F64AFE3866}.Debug|iPhoneSimulator.Build.0 = Debug|iPhoneSimulator
		{6D6D1C29-E8AC-4DCC-960E-22F64AFE3866}.Debug|x64.ActiveCfg = Debug|iPhoneSimulator
		{6D6D1C29-E8AC-4DCC-960E-22F64AFE3866}.Debug|x64.Build.0 = Debug|iPhoneSimulator
		{6D6D1C29-E8AC-4DCC-960E-22F64AFE3866}.Debug|x86.ActiveCfg = Debug|iPhoneSimulator
		{6D6D1C29-E8AC-4DCC-960E-22F64AFE3866}.Debug|x86.Build.0 = Debug|iPhoneSimulator
		{6D6D1C29-E8AC-4DCC-960E-22F64AFE3866}.Release|Any CPU.ActiveCfg = Release|iPhoneSimulator
		{6D6D1C29-E8AC-4DCC-960E-22F64AFE3866}.Release|Any CPU.Build.0 = Release|iPhoneSimulator
		{6D6D1C29-E8AC-4DCC-960E-22F64AFE3866}.Release|ARM.ActiveCfg = Release|iPhoneSimulator
		{6D6D1C29-E8AC-4DCC-960E-22F64AFE3866}.Release|ARM.Build.0 = Release|iPhoneSimulator
		{6D6D1C29-E8AC-4DCC-960E-22F64AFE3866}.Release|iPhone.ActiveCfg = Release|iPhone
		{6D6D1C29-E8AC-4DCC-960E-22F64AFE3866}.Release|iPhone.Build.0 = Release|iPhone
		{6D6D1C29-E8AC-4DCC-960E-22F64AFE3866}.Release|iPhoneSimulator.ActiveCfg = Release|iPhoneSimulator
		{6D6D1C29-E8AC-4DCC-960E-22F64AFE3866}.Release|iPhoneSimulator.Build.0 = Release|iPhoneSimulator
		{6D6D1C29-E8AC-4DCC-960E-22F64AFE3866}.Release|x64.ActiveCfg = Release|iPhoneSimulator
		{6D6D1C29-E8AC-4DCC-960E-22F64AFE3866}.Release|x64.Build.0 = Release|iPhoneSimulator
		{6D6D1C29-E8AC-4DCC-960E-22F64AFE3866}.Release|x86.ActiveCfg = Release|iPhoneSimulator
		{6D6D1C29-E8AC-4DCC-960E-22F64AFE3866}.Release|x86.Build.0 = Release|iPhoneSimulator
		{E5B4EEF5-AF51-4194-BEE6-D82A1985D157}.Debug|Any CPU.ActiveCfg = Debug|Any CPU
		{E5B4EEF5-AF51-4194-BEE6-D82A1985D157}.Debug|Any CPU.Build.0 = Debug|Any CPU
		{E5B4EEF5-AF51-4194-BEE6-D82A1985D157}.Debug|ARM.ActiveCfg = Debug|Any CPU
		{E5B4EEF5-AF51-4194-BEE6-D82A1985D157}.Debug|ARM.Build.0 = Debug|Any CPU
		{E5B4EEF5-AF51-4194-BEE6-D82A1985D157}.Debug|iPhone.ActiveCfg = Debug|Any CPU
		{E5B4EEF5-AF51-4194-BEE6-D82A1985D157}.Debug|iPhone.Build.0 = Debug|Any CPU
		{E5B4EEF5-AF51-4194-BEE6-D82A1985D157}.Debug|iPhoneSimulator.ActiveCfg = Debug|Any CPU
		{E5B4EEF5-AF51-4194-BEE6-D82A1985D157}.Debug|iPhoneSimulator.Build.0 = Debug|Any CPU
		{E5B4EEF5-AF51-4194-BEE6-D82A1985D157}.Debug|x64.ActiveCfg = Debug|Any CPU
		{E5B4EEF5-AF51-4194-BEE6-D82A1985D157}.Debug|x64.Build.0 = Debug|Any CPU
		{E5B4EEF5-AF51-4194-BEE6-D82A1985D157}.Debug|x86.ActiveCfg = Debug|Any CPU
		{E5B4EEF5-AF51-4194-BEE6-D82A1985D157}.Debug|x86.Build.0 = Debug|Any CPU
		{E5B4EEF5-AF51-4194-BEE6-D82A1985D157}.Release|Any CPU.ActiveCfg = Release|Any CPU
		{E5B4EEF5-AF51-4194-BEE6-D82A1985D157}.Release|Any CPU.Build.0 = Release|Any CPU
		{E5B4EEF5-AF51-4194-BEE6-D82A1985D157}.Release|ARM.ActiveCfg = Release|Any CPU
		{E5B4EEF5-AF51-4194-BEE6-D82A1985D157}.Release|ARM.Build.0 = Release|Any CPU
		{E5B4EEF5-AF51-4194-BEE6-D82A1985D157}.Release|iPhone.ActiveCfg = Release|Any CPU
		{E5B4EEF5-AF51-4194-BEE6-D82A1985D157}.Release|iPhone.Build.0 = Release|Any CPU
		{E5B4EEF5-AF51-4194-BEE6-D82A1985D157}.Release|iPhoneSimulator.ActiveCfg = Release|Any CPU
		{E5B4EEF5-AF51-4194-BEE6-D82A1985D157}.Release|iPhoneSimulator.Build.0 = Release|Any CPU
		{E5B4EEF5-AF51-4194-BEE6-D82A1985D157}.Release|x64.ActiveCfg = Release|Any CPU
		{E5B4EEF5-AF51-4194-BEE6-D82A1985D157}.Release|x64.Build.0 = Release|Any CPU
		{E5B4EEF5-AF51-4194-BEE6-D82A1985D157}.Release|x86.ActiveCfg = Release|Any CPU
		{E5B4EEF5-AF51-4194-BEE6-D82A1985D157}.Release|x86.Build.0 = Release|Any CPU
		{C7D985B1-BE39-4B69-8D18-A0EB33ABCE5D}.Debug|Any CPU.ActiveCfg = Debug|Any CPU
		{C7D985B1-BE39-4B69-8D18-A0EB33ABCE5D}.Debug|Any CPU.Build.0 = Debug|Any CPU
		{C7D985B1-BE39-4B69-8D18-A0EB33ABCE5D}.Debug|ARM.ActiveCfg = Debug|Any CPU
		{C7D985B1-BE39-4B69-8D18-A0EB33ABCE5D}.Debug|ARM.Build.0 = Debug|Any CPU
		{C7D985B1-BE39-4B69-8D18-A0EB33ABCE5D}.Debug|iPhone.ActiveCfg = Debug|Any CPU
		{C7D985B1-BE39-4B69-8D18-A0EB33ABCE5D}.Debug|iPhone.Build.0 = Debug|Any CPU
		{C7D985B1-BE39-4B69-8D18-A0EB33ABCE5D}.Debug|iPhoneSimulator.ActiveCfg = Debug|Any CPU
		{C7D985B1-BE39-4B69-8D18-A0EB33ABCE5D}.Debug|iPhoneSimulator.Build.0 = Debug|Any CPU
		{C7D985B1-BE39-4B69-8D18-A0EB33ABCE5D}.Debug|x64.ActiveCfg = Debug|Any CPU
		{C7D985B1-BE39-4B69-8D18-A0EB33ABCE5D}.Debug|x64.Build.0 = Debug|Any CPU
		{C7D985B1-BE39-4B69-8D18-A0EB33ABCE5D}.Debug|x86.ActiveCfg = Debug|Any CPU
		{C7D985B1-BE39-4B69-8D18-A0EB33ABCE5D}.Debug|x86.Build.0 = Debug|Any CPU
		{C7D985B1-BE39-4B69-8D18-A0EB33ABCE5D}.Release|Any CPU.ActiveCfg = Release|Any CPU
		{C7D985B1-BE39-4B69-8D18-A0EB33ABCE5D}.Release|Any CPU.Build.0 = Release|Any CPU
		{C7D985B1-BE39-4B69-8D18-A0EB33ABCE5D}.Release|ARM.ActiveCfg = Release|Any CPU
		{C7D985B1-BE39-4B69-8D18-A0EB33ABCE5D}.Release|ARM.Build.0 = Release|Any CPU
		{C7D985B1-BE39-4B69-8D18-A0EB33ABCE5D}.Release|iPhone.ActiveCfg = Release|Any CPU
		{C7D985B1-BE39-4B69-8D18-A0EB33ABCE5D}.Release|iPhone.Build.0 = Release|Any CPU
		{C7D985B1-BE39-4B69-8D18-A0EB33ABCE5D}.Release|iPhoneSimulator.ActiveCfg = Release|Any CPU
		{C7D985B1-BE39-4B69-8D18-A0EB33ABCE5D}.Release|iPhoneSimulator.Build.0 = Release|Any CPU
		{C7D985B1-BE39-4B69-8D18-A0EB33ABCE5D}.Release|x64.ActiveCfg = Release|Any CPU
		{C7D985B1-BE39-4B69-8D18-A0EB33ABCE5D}.Release|x64.Build.0 = Release|Any CPU
		{C7D985B1-BE39-4B69-8D18-A0EB33ABCE5D}.Release|x86.ActiveCfg = Release|Any CPU
		{C7D985B1-BE39-4B69-8D18-A0EB33ABCE5D}.Release|x86.Build.0 = Release|Any CPU
		{8E9E8F82-3A6F-47E6-A170-DD15D3BDD313}.Debug|Any CPU.ActiveCfg = Debug|Any CPU
		{8E9E8F82-3A6F-47E6-A170-DD15D3BDD313}.Debug|Any CPU.Build.0 = Debug|Any CPU
		{8E9E8F82-3A6F-47E6-A170-DD15D3BDD313}.Debug|ARM.ActiveCfg = Debug|Any CPU
		{8E9E8F82-3A6F-47E6-A170-DD15D3BDD313}.Debug|ARM.Build.0 = Debug|Any CPU
		{8E9E8F82-3A6F-47E6-A170-DD15D3BDD313}.Debug|iPhone.ActiveCfg = Debug|Any CPU
		{8E9E8F82-3A6F-47E6-A170-DD15D3BDD313}.Debug|iPhone.Build.0 = Debug|Any CPU
		{8E9E8F82-3A6F-47E6-A170-DD15D3BDD313}.Debug|iPhoneSimulator.ActiveCfg = Debug|Any CPU
		{8E9E8F82-3A6F-47E6-A170-DD15D3BDD313}.Debug|iPhoneSimulator.Build.0 = Debug|Any CPU
		{8E9E8F82-3A6F-47E6-A170-DD15D3BDD313}.Debug|x64.ActiveCfg = Debug|Any CPU
		{8E9E8F82-3A6F-47E6-A170-DD15D3BDD313}.Debug|x64.Build.0 = Debug|Any CPU
		{8E9E8F82-3A6F-47E6-A170-DD15D3BDD313}.Debug|x86.ActiveCfg = Debug|Any CPU
		{8E9E8F82-3A6F-47E6-A170-DD15D3BDD313}.Debug|x86.Build.0 = Debug|Any CPU
		{8E9E8F82-3A6F-47E6-A170-DD15D3BDD313}.Release|Any CPU.ActiveCfg = Release|Any CPU
		{8E9E8F82-3A6F-47E6-A170-DD15D3BDD313}.Release|Any CPU.Build.0 = Release|Any CPU
		{8E9E8F82-3A6F-47E6-A170-DD15D3BDD313}.Release|ARM.ActiveCfg = Release|Any CPU
		{8E9E8F82-3A6F-47E6-A170-DD15D3BDD313}.Release|ARM.Build.0 = Release|Any CPU
		{8E9E8F82-3A6F-47E6-A170-DD15D3BDD313}.Release|iPhone.ActiveCfg = Release|Any CPU
		{8E9E8F82-3A6F-47E6-A170-DD15D3BDD313}.Release|iPhone.Build.0 = Release|Any CPU
		{8E9E8F82-3A6F-47E6-A170-DD15D3BDD313}.Release|iPhoneSimulator.ActiveCfg = Release|Any CPU
		{8E9E8F82-3A6F-47E6-A170-DD15D3BDD313}.Release|iPhoneSimulator.Build.0 = Release|Any CPU
		{8E9E8F82-3A6F-47E6-A170-DD15D3BDD313}.Release|x64.ActiveCfg = Release|Any CPU
		{8E9E8F82-3A6F-47E6-A170-DD15D3BDD313}.Release|x64.Build.0 = Release|Any CPU
		{8E9E8F82-3A6F-47E6-A170-DD15D3BDD313}.Release|x86.ActiveCfg = Release|Any CPU
		{8E9E8F82-3A6F-47E6-A170-DD15D3BDD313}.Release|x86.Build.0 = Release|Any CPU
	EndGlobalSection
	GlobalSection(SolutionProperties) = preSolution
		HideSolutionNode = FALSE
	EndGlobalSection
	GlobalSection(NestedProjects) = preSolution
		{B5704EE6-384E-4078-AA8C-C0E4A4077924} = {A0A997BA-9D20-4915-9F53-7197D2E44073}
		{EE649A15-8330-4552-B278-99E47FDA1A40} = {A0A997BA-9D20-4915-9F53-7197D2E44073}
		{6D6D1C29-E8AC-4DCC-960E-22F64AFE3866} = {A0A997BA-9D20-4915-9F53-7197D2E44073}
		{E5B4EEF5-AF51-4194-BEE6-D82A1985D157} = {A0A997BA-9D20-4915-9F53-7197D2E44073}
		{A0A997BA-9D20-4915-9F53-7197D2E44073} = {108C2678-7C3D-4F19-B993-676A5A8E2352}
		{8AB7B887-E4AE-4929-9660-1554CBDB0ABC} = {108C2678-7C3D-4F19-B993-676A5A8E2352}
		{C7D985B1-BE39-4B69-8D18-A0EB33ABCE5D} = {FFF70491-93A0-4944-8A7A-AF31A8A4A841}
		{FFF70491-93A0-4944-8A7A-AF31A8A4A841} = {108C2678-7C3D-4F19-B993-676A5A8E2352}
		{8E9E8F82-3A6F-47E6-A170-DD15D3BDD313} = {8AB7B887-E4AE-4929-9660-1554CBDB0ABC}
	EndGlobalSection
	GlobalSection(ExtensibilityGlobals) = postSolution
		SolutionGuid = {89331A8B-203B-4A5B-A77D-ED420C504F6E}
	EndGlobalSection
EndGlobal
