
Microsoft Visual Studio Solution File, Format Version 12.00
# Visual Studio Version 17
VisualStudioVersion = 17.1.32421.90
MinimumVisualStudioVersion = 10.0.40219.1
Project("{FAE04EC0-301F-11D3-BF4B-00C04F79EFBC}") = "KaraokeApp.UWP", "KaraokeApp\KaraokeApp.UWP\KaraokeApp.UWP.csproj", "{B5704EE6-384E-4078-AA8C-C0E4A4077924}"
EndProject
Project("{FAE04EC0-301F-11D3-BF4B-00C04F79EFBC}") = "KaraokeApp.Android", "KaraokeApp\KaraokeApp.Android\KaraokeApp.Android.csproj", "{EE649A15-8330-4552-B278-99E47FDA1A40}"
EndProject
Project("{FAE04EC0-301F-11D3-BF4B-00C04F79EFBC}") = "KaraokeApp.iOS", "KaraokeApp\KaraokeApp.iOS\KaraokeApp.iOS.csproj", "{6D6D1C29-E8AC-4DCC-960E-22F64AFE3866}"
EndProject
Project("{FAE04EC0-301F-11D3-BF4B-00C04F79EFBC}") = "KaraokeApp", "KaraokeApp\KaraokeApp\KaraokeApp.csproj", "{E5B4EEF5-AF51-4194-BEE6-D82A1985D157}"
EndProject
Global
	GlobalSection(SolutionConfigurationPlatforms) = preSolution
		Debug|Any CPU = Debug|Any CPU
		Debug|ARM = Debug|ARM
		Debug|iPhone = Debug|iPhone
		Debug|iPhoneSimulator = Debug|iPhoneSimulator
		Debug|x64 = Debug|x64
		Debug|x86 = Debug|x86
		Release|Any CPU = Release|Any CPU
		Release|ARM = Release|ARM
		Release|iPhone = Release|iPhone
		Release|iPhoneSimulator = Release|iPhoneSimulator
		Release|x64 = Release|x64
		Release|x86 = Release|x86
	EndGlobalSection
	GlobalSection(ProjectConfigurationPlatforms) = postSolution
		{B5704EE6-384E-4078-AA8C-C0E4A4077924}.Debug|Any CPU.ActiveCfg = Debug|x64
		{B5704EE6-384E-4078-AA8C-C0E4A4077924}.Debug|Any CPU.Build.0 = Debug|x64
		{B5704EE6-384E-4078-AA8C-C0E4A4077924}.Debug|Any CPU.Deploy.0 = Debug|x64
		{B5704EE6-384E-4078-AA8C-C0E4A4077924}.Debug|ARM.ActiveCfg = Debug|ARM
		{B5704EE6-384E-4078-AA8C-C0E4A4077924}.Debug|ARM.Build.0 = Debug|ARM
		{B5704EE6-384E-4078-AA8C-C0E4A4077924}.Debug|ARM.Deploy.0 = Debug|ARM
		{B5704EE6-384E-4078-AA8C-C0E4A4077924}.Debug|iPhone.ActiveCfg = Debug|x64
		{B5704EE6-384E-4078-AA8C-C0E4A4077924}.Debug|iPhone.Build.0 = Debug|x64
		{B5704EE6-384E-4078-AA8C-C0E4A4077924}.Debug|iPhone.Deploy.0 = Debug|x64
		{B5704EE6-384E-4078-AA8C-C0E4A4077924}.Debug|iPhoneSimulator.ActiveCfg = Debug|x64
		{B5704EE6-384E-4078-AA8C-C0E4A4077924}.Debug|iPhoneSimulator.Build.0 = Debug|x64
		{B5704EE6-384E-4078-AA8C-C0E4A4077924}.Debug|iPhoneSimulator.Deploy.0 = Debug|x64
		{B5704EE6-384E-4078-AA8C-C0E4A4077924}.Debug|x64.ActiveCfg = Debug|x64
		{B5704EE6-384E-4078-AA8C-C0E4A4077924}.Debug|x64.Build.0 = Debug|x64
		{B5704EE6-384E-4078-AA8C-C0E4A4077924}.Debug|x64.Deploy.0 = Debug|x64
		{B5704EE6-384E-4078-AA8C-C0E4A4077924}.Debug|x86.ActiveCfg = Debug|x86
		{B5704EE6-384E-4078-AA8C-C0E4A4077924}.Debug|x86.Build.0 = Debug|x86
		{B5704EE6-384E-4078-AA8C-C0E4A4077924}.Debug|x86.Deploy.0 = Debug|x86
		{B5704EE6-384E-4078-AA8C-C0E4A4077924}.Release|Any CPU.ActiveCfg = Release|x64
		{B5704EE6-384E-4078-AA8C-C0E4A4077924}.Release|Any CPU.Build.0 = Release|x64
		{B5704EE6-384E-4078-AA8C-C0E4A4077924}.Release|Any CPU.Deploy.0 = Release|x64
		{B5704EE6-384E-4078-AA8C-C0E4A4077924}.Release|ARM.ActiveCfg = Release|ARM
		{B5704EE6-384E-4078-AA8C-C0E4A4077924}.Release|ARM.Build.0 = Release|ARM
		{B5704EE6-384E-4078-AA8C-C0E4A4077924}.Release|ARM.Deploy.0 = Release|ARM
		{B5704EE6-384E-4078-AA8C-C0E4A4077924}.Release|iPhone.ActiveCfg = Release|x64
		{B5704EE6-384E-4078-AA8C-C0E4A4077924}.Release|iPhone.Build.0 = Release|x64
		{B5704EE6-384E-4078-AA8C-C0E4A4077924}.Release|iPhone.Deploy.0 = Release|x64
		{B5704EE6-384E-4078-AA8C-C0E4A4077924}.Release|iPhoneSimulator.ActiveCfg = Release|x64
		{B5704EE6-384E-4078-AA8C-C0E4A4077924}.Release|iPhoneSimulator.Build.0 = Release|x64
		{B5704EE6-384E-4078-AA8C-C0E4A4077924}.Release|iPhoneSimulator.Deploy.0 = Release|x64
		{B5704EE6-384E-4078-AA8C-C0E4A4077924}.Release|x64.ActiveCfg = Release|x64
		{B5704EE6-384E-4078-AA8C-C0E4A4077924}.Release|x64.Build.0 = Release|x64
		{B5704EE6-384E-4078-AA8C-C0E4A4077924}.Release|x64.Deploy.0 = Release|x64
		{B5704EE6-384E-4078-AA8C-C0E4A4077924}.Release|x86.ActiveCfg = Release|x86
		{B5704EE6-384E-4078-AA8C-C0E4A4077924}.Release|x86.Build.0 = Release|x86
		{B5704EE6-384E-4078-AA8C-C0E4A4077924}.Release|x86.Deploy.0 = Release|x86
		{EE649A15-8330-4552-B278-99E47FDA1A40}.Debug|Any CPU.ActiveCfg = Debug|Any CPU
		{EE649A15-8330-4552-B278-99E47FDA1A40}.Debug|Any CPU.Build.0 = Debug|Any CPU
		{EE649A15-8330-4552-B278-99E47FDA1A40}.Debug|Any CPU.Deploy.0 = Debug|Any CPU
		{EE649A15-8330-4552-B278-99E47FDA1A40}.Debug|ARM.ActiveCfg = Debug|Any CPU
		{EE649A15-8330-4552-B278-99E47FDA1A40}.Debug|ARM.Build.0 = Debug|Any CPU
		{EE649A15-8330-4552-B278-99E47FDA1A40}.Debug|ARM.Deploy.0 = Debug|Any CPU
		{EE649A15-8330-4552-B278-99E47FDA1A40}.Debug|iPhone.ActiveCfg = Debug|Any CPU
		{EE649A15-8330-4552-B278-99E47FDA1A40}.Debug|iPhone.Build.0 = Debug|Any CPU
		{EE649A15-8330-4552-B278-99E47FDA1A40}.Debug|iPhone.Deploy.0 = Debug|Any CPU
		{EE649A15-8330-4552-B278-99E47FDA1A40}.Debug|iPhoneSimulator.ActiveCfg = Debug|Any CPU
		{EE649A15-8330-4552-B278-99E47FDA1A40}.Debug|iPhoneSimulator.Build.0 = Debug|Any CPU
		{EE649A15-8330-4552-B278-99E47FDA1A40}.Debug|iPhoneSimulator.Deploy.0 = Debug|Any CPU
		{EE649A15-8330-4552-B278-99E47FDA1A40}.Debug|x64.ActiveCfg = Debug|Any CPU
		{EE649A15-8330-4552-B278-99E47FDA1A40}.Debug|x64.Build.0 = Debug|Any CPU
		{EE649A15-8330-4552-B278-99E47FDA1A40}.Debug|x64.Deploy.0 = Debug|Any CPU
		{EE649A15-8330-4552-B278-99E47FDA1A40}.Debug|x86.ActiveCfg = Debug|Any CPU
		{EE649A15-8330-4552-B278-99E47FDA1A40}.Debug|x86.Build.0 = Debug|Any CPU
		{EE649A15-8330-4552-B278-99E47FDA1A40}.Debug|x86.Deploy.0 = Debug|Any CPU
		{EE649A15-8330-4552-B278-99E47FDA1A40}.Release|Any CPU.ActiveCfg = Release|Any CPU
		{EE649A15-8330-4552-B278-99E47FDA1A40}.Release|Any CPU.Build.0 = Release|Any CPU
		{EE649A15-8330-4552-B278-99E47FDA1A40}.Release|Any CPU.Deploy.0 = Release|Any CPU
		{EE649A15-8330-4552-B278-99E47FDA1A40}.Release|ARM.ActiveCfg = Release|Any CPU
		{EE649A15-8330-4552-B278-99E47FDA1A40}.Release|ARM.Build.0 = Release|Any CPU
		{EE649A15-8330-4552-B278-99E47FDA1A40}.Release|ARM.Deploy.0 = Release|Any CPU
		{EE649A15-8330-4552-B278-99E47FDA1A40}.Release|iPhone.ActiveCfg = Release|Any CPU
		{EE649A15-8330-4552-B278-99E47FDA1A40}.Release|iPhone.Build.0 = Release|Any CPU
		{EE649A15-8330-4552-B278-99E47FDA1A40}.Release|iPhone.Deploy.0 = Release|Any CPU
		{EE649A15-8330-4552-B278-99E47FDA1A40}.Release|iPhoneSimulator.ActiveCfg = Release|Any CPU
		{EE649A15-8330-4552-B278-99E47FDA1A40}.Release|iPhoneSimulator.Build.0 = Release|Any CPU
		{EE649A15-8330-4552-B278-99E47FDA1A40}.Release|iPhoneSimulator.Deploy.0 = Release|Any CPU
		{EE649A15-8330-4552-B278-99E47FDA1A40}.Release|x64.ActiveCfg = Release|Any CPU
		{EE649A15-8330-4552-B278-99E47FDA1A40}.Release|x64.Build.0 = Release|Any CPU
		{EE649A15-8330-4552-B278-99E47FDA1A40}.Release|x64.Deploy.0 = Release|Any CPU
		{EE649A15-8330-4552-B278-99E47FDA1A40}.Release|x86.ActiveCfg = Release|Any CPU
		{EE649A15-8330-4552-B278-99E47FDA1A40}.Release|x86.Build.0 = Release|Any CPU
		{EE649A15-8330-4552-B278-99E47FDA1A40}.Release|x86.Deploy.0 = Release|Any CPU
		{6D6D1C29-E8AC-4DCC-960E-22F64AFE3866}.Debug|Any CPU.ActiveCfg = Debug|iPhoneSimulator
		{6D6D1C29-E8AC-4DCC-960E-22F64AFE3866}.Debug|Any CPU.Build.0 = Debug|iPhoneSimulator
		{6D6D1C29-E8AC-4DCC-960E-22F64AFE3866}.Debug|ARM.ActiveCfg = Debug|iPhoneSimulator
		{6D6D1C29-E8AC-4DCC-960E-22F64AFE3866}.Debug|ARM.Build.0 = Debug|iPhoneSimulator
		{6D6D1C29-E8AC-4DCC-960E-22F64AFE3866}.Debug|iPhone.ActiveCfg = Debug|iPhone
		{6D6D1C29-E8AC-4DCC-960E-22F64AFE3866}.Debug|iPhone.Build.0 = Debug|iPhone
		{6D6D1C29-E8AC-4DCC-960E-22F64AFE3866}.Debug|iPhoneSimulator.ActiveCfg = Debug|iPhoneSimulator
		{6D6D1C29-E8AC-4DCC-960E-22F64AFE3866}.Debug|iPhoneSimulator.Build.0 = Debug|iPhoneSimulator
		{6D6D1C29-E8AC-4DCC-960E-22F64AFE3866}.Debug|x64.ActiveCfg = Debug|iPhoneSimulator
		{6D6D1C29-E8AC-4DCC-960E-22F64AFE3866}.Debug|x64.Build.0 = Debug|iPhoneSimulator
		{6D6D1C29-E8AC-4DCC-960E-22F64AFE3866}.Debug|x86.ActiveCfg = Debug|iPhoneSimulator
		{6D6D1C29-E8AC-4DCC-960E-22F64AFE3866}.Debug|x86.Build.0 = Debug|iPhoneSimulator
		{6D6D1C29-E8AC-4DCC-960E-22F64AFE3866}.Release|Any CPU.ActiveCfg = Release|iPhoneSimulator
		{6D6D1C29-E8AC-4DCC-960E-22F64AFE3866}.Release|Any CPU.Build.0 = Release|iPhoneSimulator
		{6D6D1C29-E8AC-4DCC-960E-22F64AFE3866}.Release|ARM.ActiveCfg = Release|iPhoneSimulator
		{6D6D1C29-E8AC-4DCC-960E-22F64AFE3866}.Release|ARM.Build.0 = Release|iPhoneSimulator
		{6D6D1C29-E8AC-4DCC-960E-22F64AFE3866}.Release|iPhone.ActiveCfg = Release|iPhone
		{6D6D1C29-E8AC-4DCC-960E-22F64AFE3866}.Release|iPhone.Build.0 = Release|iPhone
		{6D6D1C29-E8AC-4DCC-960E-22F64AFE3866}.Release|iPhoneSimulator.ActiveCfg = Release|iPhoneSimulator
		{6D6D1C29-E8AC-4DCC-960E-22F64AFE3866}.Release|iPhoneSimulator.Build.0 = Release|iPhoneSimulator
		{6D6D1C29-E8AC-4DCC-960E-22F64AFE3866}.Release|x64.ActiveCfg = Release|iPhoneSimulator
		{6D6D1C29-E8AC-4DCC-960E-22F64AFE3866}.Release|x64.Build.0 = Release|iPhoneSimulator
		{6D6D1C29-E8AC-4DCC-960E-22F64AFE3866}.Release|x86.ActiveCfg = Release|iPhoneSimulator
		{6D6D1C29-E8AC-4DCC-960E-22F64AFE3866}.Release|x86.Build.0 = Release|iPhoneSimulator
		{E5B4EEF5-AF51-4194-BEE6-D82A1985D157}.Debug|Any CPU.ActiveCfg = Debug|Any CPU
		{E5B4EEF5-AF51-4194-BEE6-D82A1985D157}.Debug|Any CPU.Build.0 = Debug|Any CPU
		{E5B4EEF5-AF51-4194-BEE6-D82A1985D157}.Debug|ARM.ActiveCfg = Debug|Any CPU
		{E5B4EEF5-AF51-4194-BEE6-D82A1985D157}.Debug|ARM.Build.0 = Debug|Any CPU
		{E5B4EEF5-AF51-4194-BEE6-D82A1985D157}.Debug|iPhone.ActiveCfg = Debug|Any CPU
		{E5B4EEF5-AF51-4194-BEE6-D82A1985D157}.Debug|iPhone.Build.0 = Debug|Any CPU
		{E5B4EEF5-AF51-4194-BEE6-D82A1985D157}.Debug|iPhoneSimulator.ActiveCfg = Debug|Any CPU
		{E5B4EEF5-AF51-4194-BEE6-D82A1985D157}.Debug|iPhoneSimulator.Build.0 = Debug|Any CPU
		{E5B4EEF5-AF51-4194-BEE6-D82A1985D157}.Debug|x64.ActiveCfg = Debug|Any CPU
		{E5B4EEF5-AF51-4194-BEE6-D82A1985D157}.Debug|x64.Build.0 = Debug|Any CPU
		{E5B4EEF5-AF51-4194-BEE6-D82A1985D157}.Debug|x86.ActiveCfg = Debug|Any CPU
		{E5B4EEF5-AF51-4194-BEE6-D82A1985D157}.Debug|x86.Build.0 = Debug|Any CPU
		{E5B4EEF5-AF51-4194-BEE6-D82A1985D157}.Release|Any CPU.ActiveCfg = Release|Any CPU
		{E5B4EEF5-AF51-4194-BEE6-D82A1985D157}.Release|Any CPU.Build.0 = Release|Any CPU
		{E5B4EEF5-AF51-4194-BEE6-D82A1985D157}.Release|ARM.ActiveCfg = Release|Any CPU
		{E5B4EEF5-AF51-4194-BEE6-D82A1985D157}.Release|ARM.Build.0 = Release|Any CPU
		{E5B4EEF5-AF51-4194-BEE6-D82A1985D157}.Release|iPhone.ActiveCfg = Release|Any CPU
		{E5B4EEF5-AF51-4194-BEE6-D82A1985D157}.Release|iPhone.Build.0 = Release|Any CPU
		{E5B4EEF5-AF51-4194-BEE6-D82A1985D157}.Release|iPhoneSimulator.ActiveCfg = Release|Any CPU
		{E5B4EEF5-AF51-4194-BEE6-D82A1985D157}.Release|iPhoneSimulator.Build.0 = Release|Any CPU
		{E5B4EEF5-AF51-4194-BEE6-D82A1985D157}.Release|x64.ActiveCfg = Release|Any CPU
		{E5B4EEF5-AF51-4194-BEE6-D82A1985D157}.Release|x64.Build.0 = Release|Any CPU
		{E5B4EEF5-AF51-4194-BEE6-D82A1985D157}.Release|x86.ActiveCfg = Release|Any CPU
		{E5B4EEF5-AF51-4194-BEE6-D82A1985D157}.Release|x86.Build.0 = Release|Any CPU
	EndGlobalSection
	GlobalSection(SolutionProperties) = preSolution
		HideSolutionNode = FALSE
	EndGlobalSection
	GlobalSection(ExtensibilityGlobals) = postSolution
		SolutionGuid = {89331A8B-203B-4A5B-A77D-ED420C504F6E}
	EndGlobalSection
EndGlobal
